
Microsoft Visual Studio Solution File, Format Version 12.00
# Visual Studio Version 16
VisualStudioVersion = 16.0.30907.101
MinimumVisualStudioVersion = 10.0.40219.1
Project("{888888A0-9F3D-457C-B088-3A5042F75D52}") = "TicTacToeWithAIInPython", "TicTacToeWithAIInPython\TicTacToeWithAIInPython.pyproj", "{3C89E667-7E95-47B7-AE72-E5CDA9DC5635}"
EndProject
Global
	GlobalSection(SolutionConfigurationPlatforms) = preSolution
		Debug|Any CPU = Debug|Any CPU
		Release|Any CPU = Release|Any CPU
	EndGlobalSection
	GlobalSection(ProjectConfigurationPlatforms) = postSolution
		{3C89E667-7E95-47B7-AE72-E5CDA9DC5635}.Debug|Any CPU.ActiveCfg = Debug|Any CPU
		{3C89E667-7E95-47B7-AE72-E5CDA9DC5635}.Release|Any CPU.ActiveCfg = Release|Any CPU
	EndGlobalSection
	GlobalSection(SolutionProperties) = preSolution
		HideSolutionNode = FALSE
	EndGlobalSection
	GlobalSection(ExtensibilityGlobals) = postSolution
		SolutionGuid = {BBBDE804-FBAE-469C-AFC4-EC96041A3141}
	EndGlobalSection
EndGlobal
